// !$*UTF8*$!
{
	archiveVersion = 1;
	classes = {
	};
	objectVersion = 50;
	objects = {

/* Begin PBXBuildFile section */
		2F1B9D7324258D18003ADBD4 /* MonthGenerator.swift in Sources */ = {isa = PBXBuildFile; fileRef = 2F1B9D7224258D18003ADBD4 /* MonthGenerator.swift */; };
		2F396A772426A425004DE8B5 /* LoadingSpinnerCell.swift in Sources */ = {isa = PBXBuildFile; fileRef = 2F396A752426A425004DE8B5 /* LoadingSpinnerCell.swift */; };
		2F396A782426A425004DE8B5 /* LoadingSpinnerCell.xib in Resources */ = {isa = PBXBuildFile; fileRef = 2F396A762426A425004DE8B5 /* LoadingSpinnerCell.xib */; };
		2FD9EFEE242028600098662C /* AppDelegate.swift in Sources */ = {isa = PBXBuildFile; fileRef = 2FD9EFED242028600098662C /* AppDelegate.swift */; };
		2FD9EFF0242028600098662C /* SceneDelegate.swift in Sources */ = {isa = PBXBuildFile; fileRef = 2FD9EFEF242028600098662C /* SceneDelegate.swift */; };
		2FD9EFF5242028600098662C /* Main.storyboard in Resources */ = {isa = PBXBuildFile; fileRef = 2FD9EFF3242028600098662C /* Main.storyboard */; };
		2FD9EFF8242028600098662C /* PeriodTracker.xcdatamodeld in Sources */ = {isa = PBXBuildFile; fileRef = 2FD9EFF6242028600098662C /* PeriodTracker.xcdatamodeld */; };
		2FD9EFFA242028610098662C /* Assets.xcassets in Resources */ = {isa = PBXBuildFile; fileRef = 2FD9EFF9242028610098662C /* Assets.xcassets */; };
		2FD9EFFD242028610098662C /* LaunchScreen.storyboard in Resources */ = {isa = PBXBuildFile; fileRef = 2FD9EFFB242028610098662C /* LaunchScreen.storyboard */; };
		2FD9F008242028620098662C /* PeriodTrackerTests.swift in Sources */ = {isa = PBXBuildFile; fileRef = 2FD9F007242028620098662C /* PeriodTrackerTests.swift */; };
		2FD9F013242028620098662C /* PeriodTrackerUITests.swift in Sources */ = {isa = PBXBuildFile; fileRef = 2FD9F012242028620098662C /* PeriodTrackerUITests.swift */; };
		2FD9F021242059DE0098662C /* CalendarCollectionViewController.swift in Sources */ = {isa = PBXBuildFile; fileRef = 2FD9F020242059DE0098662C /* CalendarCollectionViewController.swift */; };
		2FD9F02824213EB30098662C /* DayCell.swift in Sources */ = {isa = PBXBuildFile; fileRef = 2FD9F02624213EB30098662C /* DayCell.swift */; };
		2FD9F02924213EB30098662C /* DayCell.xib in Resources */ = {isa = PBXBuildFile; fileRef = 2FD9F02724213EB30098662C /* DayCell.xib */; };
/* End PBXBuildFile section */

/* Begin PBXContainerItemProxy section */
		2FD9F004242028620098662C /* PBXContainerItemProxy */ = {
			isa = PBXContainerItemProxy;
			containerPortal = 2FD9EFE2242028600098662C /* Project object */;
			proxyType = 1;
			remoteGlobalIDString = 2FD9EFE9242028600098662C;
			remoteInfo = PeriodTracker;
		};
		2FD9F00F242028620098662C /* PBXContainerItemProxy */ = {
			isa = PBXContainerItemProxy;
			containerPortal = 2FD9EFE2242028600098662C /* Project object */;
			proxyType = 1;
			remoteGlobalIDString = 2FD9EFE9242028600098662C;
			remoteInfo = PeriodTracker;
		};
/* End PBXContainerItemProxy section */

/* Begin PBXFileReference section */
		2F1B9D7224258D18003ADBD4 /* MonthGenerator.swift */ = {isa = PBXFileReference; lastKnownFileType = sourcecode.swift; path = MonthGenerator.swift; sourceTree = "<group>"; };
		2F396A752426A425004DE8B5 /* LoadingSpinnerCell.swift */ = {isa = PBXFileReference; lastKnownFileType = sourcecode.swift; path = LoadingSpinnerCell.swift; sourceTree = "<group>"; };
		2F396A762426A425004DE8B5 /* LoadingSpinnerCell.xib */ = {isa = PBXFileReference; lastKnownFileType = file.xib; path = LoadingSpinnerCell.xib; sourceTree = "<group>"; };
		2FD9EFEA242028600098662C /* PeriodTracker.app */ = {isa = PBXFileReference; explicitFileType = wrapper.application; includeInIndex = 0; path = PeriodTracker.app; sourceTree = BUILT_PRODUCTS_DIR; };
		2FD9EFED242028600098662C /* AppDelegate.swift */ = {isa = PBXFileReference; lastKnownFileType = sourcecode.swift; path = AppDelegate.swift; sourceTree = "<group>"; };
		2FD9EFEF242028600098662C /* SceneDelegate.swift */ = {isa = PBXFileReference; lastKnownFileType = sourcecode.swift; path = SceneDelegate.swift; sourceTree = "<group>"; };
		2FD9EFF4242028600098662C /* Base */ = {isa = PBXFileReference; lastKnownFileType = file.storyboard; name = Base; path = Base.lproj/Main.storyboard; sourceTree = "<group>"; };
		2FD9EFF7242028600098662C /* PeriodTracker.xcdatamodel */ = {isa = PBXFileReference; lastKnownFileType = wrapper.xcdatamodel; path = PeriodTracker.xcdatamodel; sourceTree = "<group>"; };
		2FD9EFF9242028610098662C /* Assets.xcassets */ = {isa = PBXFileReference; lastKnownFileType = folder.assetcatalog; path = Assets.xcassets; sourceTree = "<group>"; };
		2FD9EFFC242028610098662C /* Base */ = {isa = PBXFileReference; lastKnownFileType = file.storyboard; name = Base; path = Base.lproj/LaunchScreen.storyboard; sourceTree = "<group>"; };
		2FD9EFFE242028610098662C /* Info.plist */ = {isa = PBXFileReference; lastKnownFileType = text.plist.xml; path = Info.plist; sourceTree = "<group>"; };
		2FD9F003242028620098662C /* PeriodTrackerTests.xctest */ = {isa = PBXFileReference; explicitFileType = wrapper.cfbundle; includeInIndex = 0; path = PeriodTrackerTests.xctest; sourceTree = BUILT_PRODUCTS_DIR; };
		2FD9F007242028620098662C /* PeriodTrackerTests.swift */ = {isa = PBXFileReference; lastKnownFileType = sourcecode.swift; path = PeriodTrackerTests.swift; sourceTree = "<group>"; };
		2FD9F009242028620098662C /* Info.plist */ = {isa = PBXFileReference; lastKnownFileType = text.plist.xml; path = Info.plist; sourceTree = "<group>"; };
		2FD9F00E242028620098662C /* PeriodTrackerUITests.xctest */ = {isa = PBXFileReference; explicitFileType = wrapper.cfbundle; includeInIndex = 0; path = PeriodTrackerUITests.xctest; sourceTree = BUILT_PRODUCTS_DIR; };
		2FD9F012242028620098662C /* PeriodTrackerUITests.swift */ = {isa = PBXFileReference; lastKnownFileType = sourcecode.swift; path = PeriodTrackerUITests.swift; sourceTree = "<group>"; };
		2FD9F014242028620098662C /* Info.plist */ = {isa = PBXFileReference; lastKnownFileType = text.plist.xml; path = Info.plist; sourceTree = "<group>"; };
		2FD9F020242059DE0098662C /* CalendarCollectionViewController.swift */ = {isa = PBXFileReference; lastKnownFileType = sourcecode.swift; path = CalendarCollectionViewController.swift; sourceTree = "<group>"; };
		2FD9F02624213EB30098662C /* DayCell.swift */ = {isa = PBXFileReference; lastKnownFileType = sourcecode.swift; path = DayCell.swift; sourceTree = "<group>"; };
		2FD9F02724213EB30098662C /* DayCell.xib */ = {isa = PBXFileReference; lastKnownFileType = file.xib; path = DayCell.xib; sourceTree = "<group>"; };
/* End PBXFileReference section */

/* Begin PBXFrameworksBuildPhase section */
		2FD9EFE7242028600098662C /* Frameworks */ = {
			isa = PBXFrameworksBuildPhase;
			buildActionMask = 2147483647;
			files = (
			);
			runOnlyForDeploymentPostprocessing = 0;
		};
		2FD9F000242028620098662C /* Frameworks */ = {
			isa = PBXFrameworksBuildPhase;
			buildActionMask = 2147483647;
			files = (
			);
			runOnlyForDeploymentPostprocessing = 0;
		};
		2FD9F00B242028620098662C /* Frameworks */ = {
			isa = PBXFrameworksBuildPhase;
			buildActionMask = 2147483647;
			files = (
			);
			runOnlyForDeploymentPostprocessing = 0;
		};
/* End PBXFrameworksBuildPhase section */

/* Begin PBXGroup section */
		2FD9EFE1242028600098662C = {
			isa = PBXGroup;
			children = (
				2FD9EFEC242028600098662C /* PeriodTracker */,
				2FD9F006242028620098662C /* PeriodTrackerTests */,
				2FD9F011242028620098662C /* PeriodTrackerUITests */,
				2FD9EFEB242028600098662C /* Products */,
			);
			sourceTree = "<group>";
		};
		2FD9EFEB242028600098662C /* Products */ = {
			isa = PBXGroup;
			children = (
				2FD9EFEA242028600098662C /* PeriodTracker.app */,
				2FD9F003242028620098662C /* PeriodTrackerTests.xctest */,
				2FD9F00E242028620098662C /* PeriodTrackerUITests.xctest */,
			);
			name = Products;
			sourceTree = "<group>";
		};
		2FD9EFEC242028600098662C /* PeriodTracker */ = {
			isa = PBXGroup;
			children = (
				2F396A752426A425004DE8B5 /* LoadingSpinnerCell.swift */,
				2F396A762426A425004DE8B5 /* LoadingSpinnerCell.xib */,
				2F1B9D7224258D18003ADBD4 /* MonthGenerator.swift */,
				2FD9F02624213EB30098662C /* DayCell.swift */,
				2FD9F02724213EB30098662C /* DayCell.xib */,
				2FD9EFED242028600098662C /* AppDelegate.swift */,
				2FD9EFEF242028600098662C /* SceneDelegate.swift */,
				2FD9EFF3242028600098662C /* Main.storyboard */,
				2FD9F020242059DE0098662C /* CalendarCollectionViewController.swift */,
				2FD9EFF9242028610098662C /* Assets.xcassets */,
				2FD9EFFB242028610098662C /* LaunchScreen.storyboard */,
				2FD9EFFE242028610098662C /* Info.plist */,
				2FD9EFF6242028600098662C /* PeriodTracker.xcdatamodeld */,
			);
			path = PeriodTracker;
			sourceTree = "<group>";
		};
		2FD9F006242028620098662C /* PeriodTrackerTests */ = {
			isa = PBXGroup;
			children = (
				2FD9F007242028620098662C /* PeriodTrackerTests.swift */,
				2FD9F009242028620098662C /* Info.plist */,
			);
			path = PeriodTrackerTests;
			sourceTree = "<group>";
		};
		2FD9F011242028620098662C /* PeriodTrackerUITests */ = {
			isa = PBXGroup;
			children = (
				2FD9F012242028620098662C /* PeriodTrackerUITests.swift */,
				2FD9F014242028620098662C /* Info.plist */,
			);
			path = PeriodTrackerUITests;
			sourceTree = "<group>";
		};
/* End PBXGroup section */

/* Begin PBXNativeTarget section */
		2FD9EFE9242028600098662C /* PeriodTracker */ = {
			isa = PBXNativeTarget;
			buildConfigurationList = 2FD9F017242028620098662C /* Build configuration list for PBXNativeTarget "PeriodTracker" */;
			buildPhases = (
				2FD9EFE6242028600098662C /* Sources */,
				2FD9EFE7242028600098662C /* Frameworks */,
				2FD9EFE8242028600098662C /* Resources */,
			);
			buildRules = (
			);
			dependencies = (
			);
			name = PeriodTracker;
			productName = PeriodTracker;
			productReference = 2FD9EFEA242028600098662C /* PeriodTracker.app */;
			productType = "com.apple.product-type.application";
		};
		2FD9F002242028620098662C /* PeriodTrackerTests */ = {
			isa = PBXNativeTarget;
			buildConfigurationList = 2FD9F01A242028620098662C /* Build configuration list for PBXNativeTarget "PeriodTrackerTests" */;
			buildPhases = (
				2FD9EFFF242028620098662C /* Sources */,
				2FD9F000242028620098662C /* Frameworks */,
				2FD9F001242028620098662C /* Resources */,
			);
			buildRules = (
			);
			dependencies = (
				2FD9F005242028620098662C /* PBXTargetDependency */,
			);
			name = PeriodTrackerTests;
			productName = PeriodTrackerTests;
			productReference = 2FD9F003242028620098662C /* PeriodTrackerTests.xctest */;
			productType = "com.apple.product-type.bundle.unit-test";
		};
		2FD9F00D242028620098662C /* PeriodTrackerUITests */ = {
			isa = PBXNativeTarget;
			buildConfigurationList = 2FD9F01D242028620098662C /* Build configuration list for PBXNativeTarget "PeriodTrackerUITests" */;
			buildPhases = (
				2FD9F00A242028620098662C /* Sources */,
				2FD9F00B242028620098662C /* Frameworks */,
				2FD9F00C242028620098662C /* Resources */,
			);
			buildRules = (
			);
			dependencies = (
				2FD9F010242028620098662C /* PBXTargetDependency */,
			);
			name = PeriodTrackerUITests;
			productName = PeriodTrackerUITests;
			productReference = 2FD9F00E242028620098662C /* PeriodTrackerUITests.xctest */;
			productType = "com.apple.product-type.bundle.ui-testing";
		};
/* End PBXNativeTarget section */

/* Begin PBXProject section */
		2FD9EFE2242028600098662C /* Project object */ = {
			isa = PBXProject;
			attributes = {
				LastSwiftUpdateCheck = 1130;
				LastUpgradeCheck = 1130;
				ORGANIZATIONNAME = "Paola Castro";
				TargetAttributes = {
					2FD9EFE9242028600098662C = {
						CreatedOnToolsVersion = 11.3.1;
					};
					2FD9F002242028620098662C = {
						CreatedOnToolsVersion = 11.3.1;
						TestTargetID = 2FD9EFE9242028600098662C;
					};
					2FD9F00D242028620098662C = {
						CreatedOnToolsVersion = 11.3.1;
						TestTargetID = 2FD9EFE9242028600098662C;
					};
				};
			};
			buildConfigurationList = 2FD9EFE5242028600098662C /* Build configuration list for PBXProject "PeriodTracker" */;
			compatibilityVersion = "Xcode 9.3";
			developmentRegion = en;
			hasScannedForEncodings = 0;
			knownRegions = (
				en,
				Base,
			);
			mainGroup = 2FD9EFE1242028600098662C;
			productRefGroup = 2FD9EFEB242028600098662C /* Products */;
			projectDirPath = "";
			projectRoot = "";
			targets = (
				2FD9EFE9242028600098662C /* PeriodTracker */,
				2FD9F002242028620098662C /* PeriodTrackerTests */,
				2FD9F00D242028620098662C /* PeriodTrackerUITests */,
			);
		};
/* End PBXProject section */

/* Begin PBXResourcesBuildPhase section */
		2FD9EFE8242028600098662C /* Resources */ = {
			isa = PBXResourcesBuildPhase;
			buildActionMask = 2147483647;
			files = (
				2FD9EFFD242028610098662C /* LaunchScreen.storyboard in Resources */,
				2FD9EFFA242028610098662C /* Assets.xcassets in Resources */,
				2F396A782426A425004DE8B5 /* LoadingSpinnerCell.xib in Resources */,
				2FD9F02924213EB30098662C /* DayCell.xib in Resources */,
				2FD9EFF5242028600098662C /* Main.storyboard in Resources */,
			);
			runOnlyForDeploymentPostprocessing = 0;
		};
		2FD9F001242028620098662C /* Resources */ = {
			isa = PBXResourcesBuildPhase;
			buildActionMask = 2147483647;
			files = (
			);
			runOnlyForDeploymentPostprocessing = 0;
		};
		2FD9F00C242028620098662C /* Resources */ = {
			isa = PBXResourcesBuildPhase;
			buildActionMask = 2147483647;
			files = (
			);
			runOnlyForDeploymentPostprocessing = 0;
		};
/* End PBXResourcesBuildPhase section */

/* Begin PBXSourcesBuildPhase section */
		2FD9EFE6242028600098662C /* Sources */ = {
			isa = PBXSourcesBuildPhase;
			buildActionMask = 2147483647;
			files = (
				2F1B9D7324258D18003ADBD4 /* MonthGenerator.swift in Sources */,
				2FD9EFF8242028600098662C /* PeriodTracker.xcdatamodeld in Sources */,
				2FD9F021242059DE0098662C /* CalendarCollectionViewController.swift in Sources */,
				2FD9F02824213EB30098662C /* DayCell.swift in Sources */,
				2F396A772426A425004DE8B5 /* LoadingSpinnerCell.swift in Sources */,
				2FD9EFEE242028600098662C /* AppDelegate.swift in Sources */,
				2FD9EFF0242028600098662C /* SceneDelegate.swift in Sources */,
			);
			runOnlyForDeploymentPostprocessing = 0;
		};
		2FD9EFFF242028620098662C /* Sources */ = {
			isa = PBXSourcesBuildPhase;
			buildActionMask = 2147483647;
			files = (
				2FD9F008242028620098662C /* PeriodTrackerTests.swift in Sources */,
			);
			runOnlyForDeploymentPostprocessing = 0;
		};
		2FD9F00A242028620098662C /* Sources */ = {
			isa = PBXSourcesBuildPhase;
			buildActionMask = 2147483647;
			files = (
				2FD9F013242028620098662C /* PeriodTrackerUITests.swift in Sources */,
			);
			runOnlyForDeploymentPostprocessing = 0;
		};
/* End PBXSourcesBuildPhase section */

/* Begin PBXTargetDependency section */
		2FD9F005242028620098662C /* PBXTargetDependency */ = {
			isa = PBXTargetDependency;
			target = 2FD9EFE9242028600098662C /* PeriodTracker */;
			targetProxy = 2FD9F004242028620098662C /* PBXContainerItemProxy */;
		};
		2FD9F010242028620098662C /* PBXTargetDependency */ = {
			isa = PBXTargetDependency;
			target = 2FD9EFE9242028600098662C /* PeriodTracker */;
			targetProxy = 2FD9F00F242028620098662C /* PBXContainerItemProxy */;
		};
/* End PBXTargetDependency section */

/* Begin PBXVariantGroup section */
		2FD9EFF3242028600098662C /* Main.storyboard */ = {
			isa = PBXVariantGroup;
			children = (
				2FD9EFF4242028600098662C /* Base */,
			);
			name = Main.storyboard;
			sourceTree = "<group>";
		};
		2FD9EFFB242028610098662C /* LaunchScreen.storyboard */ = {
			isa = PBXVariantGroup;
			children = (
				2FD9EFFC242028610098662C /* Base */,
			);
			name = LaunchScreen.storyboard;
			sourceTree = "<group>";
		};
/* End PBXVariantGroup section */

/* Begin XCBuildConfiguration section */
		2FD9F015242028620098662C /* Debug */ = {
			isa = XCBuildConfiguration;
			buildSettings = {
				ALWAYS_SEARCH_USER_PATHS = NO;
				CLANG_ANALYZER_NONNULL = YES;
				CLANG_ANALYZER_NUMBER_OBJECT_CONVERSION = YES_AGGRESSIVE;
				CLANG_CXX_LANGUAGE_STANDARD = "gnu++14";
				CLANG_CXX_LIBRARY = "libc++";
				CLANG_ENABLE_MODULES = YES;
				CLANG_ENABLE_OBJC_ARC = YES;
				CLANG_ENABLE_OBJC_WEAK = YES;
				CLANG_WARN_BLOCK_CAPTURE_AUTORELEASING = YES;
				CLANG_WARN_BOOL_CONVERSION = YES;
				CLANG_WARN_COMMA = YES;
				CLANG_WARN_CONSTANT_CONVERSION = YES;
				CLANG_WARN_DEPRECATED_OBJC_IMPLEMENTATIONS = YES;
				CLANG_WARN_DIRECT_OBJC_ISA_USAGE = YES_ERROR;
				CLANG_WARN_DOCUMENTATION_COMMENTS = YES;
				CLANG_WARN_EMPTY_BODY = YES;
				CLANG_WARN_ENUM_CONVERSION = YES;
				CLANG_WARN_INFINITE_RECURSION = YES;
				CLANG_WARN_INT_CONVERSION = YES;
				CLANG_WARN_NON_LITERAL_NULL_CONVERSION = YES;
				CLANG_WARN_OBJC_IMPLICIT_RETAIN_SELF = YES;
				CLANG_WARN_OBJC_LITERAL_CONVERSION = YES;
				CLANG_WARN_OBJC_ROOT_CLASS = YES_ERROR;
				CLANG_WARN_RANGE_LOOP_ANALYSIS = YES;
				CLANG_WARN_STRICT_PROTOTYPES = YES;
				CLANG_WARN_SUSPICIOUS_MOVE = YES;
				CLANG_WARN_UNGUARDED_AVAILABILITY = YES_AGGRESSIVE;
				CLANG_WARN_UNREACHABLE_CODE = YES;
				CLANG_WARN__DUPLICATE_METHOD_MATCH = YES;
				COPY_PHASE_STRIP = NO;
				DEBUG_INFORMATION_FORMAT = dwarf;
				ENABLE_STRICT_OBJC_MSGSEND = YES;
				ENABLE_TESTABILITY = YES;
				GCC_C_LANGUAGE_STANDARD = gnu11;
				GCC_DYNAMIC_NO_PIC = NO;
				GCC_NO_COMMON_BLOCKS = YES;
				GCC_OPTIMIZATION_LEVEL = 0;
				GCC_PREPROCESSOR_DEFINITIONS = (
					"DEBUG=1",
					"$(inherited)",
				);
				GCC_WARN_64_TO_32_BIT_CONVERSION = YES;
				GCC_WARN_ABOUT_RETURN_TYPE = YES_ERROR;
				GCC_WARN_UNDECLARED_SELECTOR = YES;
				GCC_WARN_UNINITIALIZED_AUTOS = YES_AGGRESSIVE;
				GCC_WARN_UNUSED_FUNCTION = YES;
				GCC_WARN_UNUSED_VARIABLE = YES;
				IPHONEOS_DEPLOYMENT_TARGET = 13.2;
				MTL_ENABLE_DEBUG_INFO = INCLUDE_SOURCE;
				MTL_FAST_MATH = YES;
				ONLY_ACTIVE_ARCH = YES;
				SDKROOT = iphoneos;
				SWIFT_ACTIVE_COMPILATION_CONDITIONS = DEBUG;
				SWIFT_OPTIMIZATION_LEVEL = "-Onone";
			};
			name = Debug;
		};
		2FD9F016242028620098662C /* Release */ = {
			isa = XCBuildConfiguration;
			buildSettings = {
				ALWAYS_SEARCH_USER_PATHS = NO;
				CLANG_ANALYZER_NONNULL = YES;
				CLANG_ANALYZER_NUMBER_OBJECT_CONVERSION = YES_AGGRESSIVE;
				CLANG_CXX_LANGUAGE_STANDARD = "gnu++14";
				CLANG_CXX_LIBRARY = "libc++";
				CLANG_ENABLE_MODULES = YES;
				CLANG_ENABLE_OBJC_ARC = YES;
				CLANG_ENABLE_OBJC_WEAK = YES;
				CLANG_WARN_BLOCK_CAPTURE_AUTORELEASING = YES;
				CLANG_WARN_BOOL_CONVERSION = YES;
				CLANG_WARN_COMMA = YES;
				CLANG_WARN_CONSTANT_CONVERSION = YES;
				CLANG_WARN_DEPRECATED_OBJC_IMPLEMENTATIONS = YES;
				CLANG_WARN_DIRECT_OBJC_ISA_USAGE = YES_ERROR;
				CLANG_WARN_DOCUMENTATION_COMMENTS = YES;
				CLANG_WARN_EMPTY_BODY = YES;
				CLANG_WARN_ENUM_CONVERSION = YES;
				CLANG_WARN_INFINITE_RECURSION = YES;
				CLANG_WARN_INT_CONVERSION = YES;
				CLANG_WARN_NON_LITERAL_NULL_CONVERSION = YES;
				CLANG_WARN_OBJC_IMPLICIT_RETAIN_SELF = YES;
				CLANG_WARN_OBJC_LITERAL_CONVERSION = YES;
				CLANG_WARN_OBJC_ROOT_CLASS = YES_ERROR;
				CLANG_WARN_RANGE_LOOP_ANALYSIS = YES;
				CLANG_WARN_STRICT_PROTOTYPES = YES;
				CLANG_WARN_SUSPICIOUS_MOVE = YES;
				CLANG_WARN_UNGUARDED_AVAILABILITY = YES_AGGRESSIVE;
				CLANG_WARN_UNREACHABLE_CODE = YES;
				CLANG_WARN__DUPLICATE_METHOD_MATCH = YES;
				COPY_PHASE_STRIP = NO;
				DEBUG_INFORMATION_FORMAT = "dwarf-with-dsym";
				ENABLE_NS_ASSERTIONS = NO;
				ENABLE_STRICT_OBJC_MSGSEND = YES;
				GCC_C_LANGUAGE_STANDARD = gnu11;
				GCC_NO_COMMON_BLOCKS = YES;
				GCC_WARN_64_TO_32_BIT_CONVERSION = YES;
				GCC_WARN_ABOUT_RETURN_TYPE = YES_ERROR;
				GCC_WARN_UNDECLARED_SELECTOR = YES;
				GCC_WARN_UNINITIALIZED_AUTOS = YES_AGGRESSIVE;
				GCC_WARN_UNUSED_FUNCTION = YES;
				GCC_WARN_UNUSED_VARIABLE = YES;
				IPHONEOS_DEPLOYMENT_TARGET = 13.2;
				MTL_ENABLE_DEBUG_INFO = NO;
				MTL_FAST_MATH = YES;
				SDKROOT = iphoneos;
				SWIFT_COMPILATION_MODE = wholemodule;
				SWIFT_OPTIMIZATION_LEVEL = "-O";
				VALIDATE_PRODUCT = YES;
			};
			name = Release;
		};
		2FD9F018242028620098662C /* Debug */ = {
			isa = XCBuildConfiguration;
			buildSettings = {
				ASSETCATALOG_COMPILER_APPICON_NAME = AppIcon;
				CODE_SIGN_STYLE = Automatic;
				INFOPLIST_FILE = PeriodTracker/Info.plist;
				LD_RUNPATH_SEARCH_PATHS = (
					"$(inherited)",
					"@executable_path/Frameworks",
				);
				PRODUCT_BUNDLE_IDENTIFIER = com.paolacodes.PeriodTracker;
				PRODUCT_NAME = "$(TARGET_NAME)";
				SWIFT_VERSION = 5.0;
				TARGETED_DEVICE_FAMILY = "1,2";
			};
			name = Debug;
		};
		2FD9F019242028620098662C /* Release */ = {
			isa = XCBuildConfiguration;
			buildSettings = {
				ASSETCATALOG_COMPILER_APPICON_NAME = AppIcon;
				CODE_SIGN_STYLE = Automatic;
				INFOPLIST_FILE = PeriodTracker/Info.plist;
				LD_RUNPATH_SEARCH_PATHS = (
					"$(inherited)",
					"@executable_path/Frameworks",
				);
				PRODUCT_BUNDLE_IDENTIFIER = com.paolacodes.PeriodTracker;
				PRODUCT_NAME = "$(TARGET_NAME)";
				SWIFT_VERSION = 5.0;
				TARGETED_DEVICE_FAMILY = "1,2";
			};
			name = Release;
		};
		2FD9F01B242028620098662C /* Debug */ = {
			isa = XCBuildConfiguration;
			buildSettings = {
				ALWAYS_EMBED_SWIFT_STANDARD_LIBRARIES = YES;
				BUNDLE_LOADER = "$(TEST_HOST)";
				CODE_SIGN_STYLE = Automatic;
				INFOPLIST_FILE = PeriodTrackerTests/Info.plist;
				IPHONEOS_DEPLOYMENT_TARGET = 13.2;
				LD_RUNPATH_SEARCH_PATHS = (
					"$(inherited)",
					"@executable_path/Frameworks",
					"@loader_path/Frameworks",
				);
				PRODUCT_BUNDLE_IDENTIFIER = com.paolacodes.PeriodTrackerTests;
				PRODUCT_NAME = "$(TARGET_NAME)";
				SWIFT_VERSION = 5.0;
				TARGETED_DEVICE_FAMILY = "1,2";
				TEST_HOST = "$(BUILT_PRODUCTS_DIR)/PeriodTracker.app/PeriodTracker";
			};
			name = Debug;
		};
		2FD9F01C242028620098662C /* Release */ = {
			isa = XCBuildConfiguration;
			buildSettings = {
				ALWAYS_EMBED_SWIFT_STANDARD_LIBRARIES = YES;
				BUNDLE_LOADER = "$(TEST_HOST)";
				CODE_SIGN_STYLE = Automatic;
				INFOPLIST_FILE = PeriodTrackerTests/Info.plist;
				IPHONEOS_DEPLOYMENT_TARGET = 13.2;
				LD_RUNPATH_SEARCH_PATHS = (
					"$(inherited)",
					"@executable_path/Frameworks",
					"@loader_path/Frameworks",
				);
				PRODUCT_BUNDLE_IDENTIFIER = com.paolacodes.PeriodTrackerTests;
				PRODUCT_NAME = "$(TARGET_NAME)";
				SWIFT_VERSION = 5.0;
				TARGETED_DEVICE_FAMILY = "1,2";
				TEST_HOST = "$(BUILT_PRODUCTS_DIR)/PeriodTracker.app/PeriodTracker";
			};
			name = Release;
		};
		2FD9F01E242028620098662C /* Debug */ = {
			isa = XCBuildConfiguration;
			buildSettings = {
				ALWAYS_EMBED_SWIFT_STANDARD_LIBRARIES = YES;
				CODE_SIGN_STYLE = Automatic;
				INFOPLIST_FILE = PeriodTrackerUITests/Info.plist;
				LD_RUNPATH_SEARCH_PATHS = (
					"$(inherited)",
					"@executable_path/Frameworks",
					"@loader_path/Frameworks",
				);
				PRODUCT_BUNDLE_IDENTIFIER = com.paolacodes.PeriodTrackerUITests;
				PRODUCT_NAME = "$(TARGET_NAME)";
				SWIFT_VERSION = 5.0;
				TARGETED_DEVICE_FAMILY = "1,2";
				TEST_TARGET_NAME = PeriodTracker;
			};
			name = Debug;
		};
		2FD9F01F242028620098662C /* Release */ = {
			isa = XCBuildConfiguration;
			buildSettings = {
				ALWAYS_EMBED_SWIFT_STANDARD_LIBRARIES = YES;
				CODE_SIGN_STYLE = Automatic;
				INFOPLIST_FILE = PeriodTrackerUITests/Info.plist;
				LD_RUNPATH_SEARCH_PATHS = (
					"$(inherited)",
					"@executable_path/Frameworks",
					"@loader_path/Frameworks",
				);
				PRODUCT_BUNDLE_IDENTIFIER = com.paolacodes.PeriodTrackerUITests;
				PRODUCT_NAME = "$(TARGET_NAME)";
				SWIFT_VERSION = 5.0;
				TARGETED_DEVICE_FAMILY = "1,2";
				TEST_TARGET_NAME = PeriodTracker;
			};
			name = Release;
		};
/* End XCBuildConfiguration section */

/* Begin XCConfigurationList section */
		2FD9EFE5242028600098662C /* Build configuration list for PBXProject "PeriodTracker" */ = {
			isa = XCConfigurationList;
			buildConfigurations = (
				2FD9F015242028620098662C /* Debug */,
				2FD9F016242028620098662C /* Release */,
			);
			defaultConfigurationIsVisible = 0;
			defaultConfigurationName = Release;
		};
		2FD9F017242028620098662C /* Build configuration list for PBXNativeTarget "PeriodTracker" */ = {
			isa = XCConfigurationList;
			buildConfigurations = (
				2FD9F018242028620098662C /* Debug */,
				2FD9F019242028620098662C /* Release */,
			);
			defaultConfigurationIsVisible = 0;
			defaultConfigurationName = Release;
		};
		2FD9F01A242028620098662C /* Build configuration list for PBXNativeTarget "PeriodTrackerTests" */ = {
			isa = XCConfigurationList;
			buildConfigurations = (
				2FD9F01B242028620098662C /* Debug */,
				2FD9F01C242028620098662C /* Release */,
			);
			defaultConfigurationIsVisible = 0;
			defaultConfigurationName = Release;
		};
		2FD9F01D242028620098662C /* Build configuration list for PBXNativeTarget "PeriodTrackerUITests" */ = {
			isa = XCConfigurationList;
			buildConfigurations = (
				2FD9F01E242028620098662C /* Debug */,
				2FD9F01F242028620098662C /* Release */,
			);
			defaultConfigurationIsVisible = 0;
			defaultConfigurationName = Release;
		};
/* End XCConfigurationList section */

/* Begin XCVersionGroup section */
		2FD9EFF6242028600098662C /* PeriodTracker.xcdatamodeld */ = {
			isa = XCVersionGroup;
			children = (
				2FD9EFF7242028600098662C /* PeriodTracker.xcdatamodel */,
			);
			currentVersion = 2FD9EFF7242028600098662C /* PeriodTracker.xcdatamodel */;
			path = PeriodTracker.xcdatamodeld;
			sourceTree = "<group>";
			versionGroupType = wrapper.xcdatamodel;
		};
/* End XCVersionGroup section */
	};
	rootObject = 2FD9EFE2242028600098662C /* Project object */;
}
